
Microsoft Visual Studio Solution File, Format Version 12.00
# Visual Studio Version 17
VisualStudioVersion = 17.11.34909.67
MinimumVisualStudioVersion = 10.0.40219.1
Project("{FAE04EC0-301F-11D3-BF4B-00C04F79EFBC}") = "greenery", "greenery.csproj", "{5572149A-8513-47E3-9E6A-9917918D0C06}"
EndProject
Global
	GlobalSection(SolutionConfigurationPlatforms) = preSolution
		Debug|Any CPU = Debug|Any CPU
		Release|Any CPU = Release|Any CPU
	EndGlobalSection
	GlobalSection(ProjectConfigurationPlatforms) = postSolution
		{5572149A-8513-47E3-9E6A-9917918D0C06}.Debug|Any CPU.ActiveCfg = Debug|Any CPU
		{5572149A-8513-47E3-9E6A-9917918D0C06}.Debug|Any CPU.Build.0 = Debug|Any CPU
		{5572149A-8513-47E3-9E6A-9917918D0C06}.Release|Any CPU.ActiveCfg = Release|Any CPU
		{5572149A-8513-47E3-9E6A-9917918D0C06}.Release|Any CPU.Build.0 = Release|Any CPU
	EndGlobalSection
	GlobalSection(SolutionProperties) = preSolution
		HideSolutionNode = FALSE
	EndGlobalSection
	GlobalSection(ExtensibilityGlobals) = postSolution
		SolutionGuid = {BB93A3F2-540D-4DC1-9CF3-410288EB6969}
	EndGlobalSection
EndGlobal
